
Microsoft Visual Studio Solution File, Format Version 12.00
# Visual Studio Version 16
VisualStudioVersion = 16.0.34407.143
MinimumVisualStudioVersion = 10.0.40219.1
Project("{FAE04EC0-301F-11D3-BF4B-00C04F79EFBC}") = "TestNinja", "TestNinja\TestNinja.csproj", "{7328740E-4B78-464F-8352-65D887F2145F}"
EndProject
Project("{FAE04EC0-301F-11D3-BF4B-00C04F79EFBC}") = "TestNinja.UnitTests", "TestNinja.UnitTests\TestNinja.UnitTests.csproj", "{357F3FE1-53AC-4CCF-B7F2-2B0659A80B71}"
EndProject
Global
	GlobalSection(SolutionConfigurationPlatforms) = preSolution
		Debug|Any CPU = Debug|Any CPU
		Release|Any CPU = Release|Any CPU
	EndGlobalSection
	GlobalSection(ProjectConfigurationPlatforms) = postSolution
		{7328740E-4B78-464F-8352-65D887F2145F}.Debug|Any CPU.ActiveCfg = Debug|Any CPU
		{7328740E-4B78-464F-8352-65D887F2145F}.Debug|Any CPU.Build.0 = Debug|Any CPU
		{7328740E-4B78-464F-8352-65D887F2145F}.Release|Any CPU.ActiveCfg = Release|Any CPU
		{7328740E-4B78-464F-8352-65D887F2145F}.Release|Any CPU.Build.0 = Release|Any CPU
		{357F3FE1-53AC-4CCF-B7F2-2B0659A80B71}.Debug|Any CPU.ActiveCfg = Debug|Any CPU
		{357F3FE1-53AC-4CCF-B7F2-2B0659A80B71}.Debug|Any CPU.Build.0 = Debug|Any CPU
		{357F3FE1-53AC-4CCF-B7F2-2B0659A80B71}.Release|Any CPU.ActiveCfg = Release|Any CPU
		{357F3FE1-53AC-4CCF-B7F2-2B0659A80B71}.Release|Any CPU.Build.0 = Release|Any CPU
	EndGlobalSection
	GlobalSection(SolutionProperties) = preSolution
		HideSolutionNode = FALSE
	EndGlobalSection
	GlobalSection(ExtensibilityGlobals) = postSolution
		SolutionGuid = {2CADABC2-D550-414B-9701-734D6881FD93}
	EndGlobalSection
EndGlobal
